
Microsoft Visual Studio Solution File, Format Version 12.00
# Visual Studio Version 17
VisualStudioVersion = 17.9.34622.214
MinimumVisualStudioVersion = 10.0.40219.1
Project("{FAE04EC0-301F-11D3-BF4B-00C04F79EFBC}") = "testCS", "testCS\testCS.csproj", "{528AFA7A-AE8F-47C0-9C34-2D465EC5425D}"
EndProject
Global
	GlobalSection(SolutionConfigurationPlatforms) = preSolution
		Debug|Any CPU = Debug|Any CPU
		Release|Any CPU = Release|Any CPU
	EndGlobalSection
	GlobalSection(ProjectConfigurationPlatforms) = postSolution
		{528AFA7A-AE8F-47C0-9C34-2D465EC5425D}.Debug|Any CPU.ActiveCfg = Debug|Any CPU
		{528AFA7A-AE8F-47C0-9C34-2D465EC5425D}.Debug|Any CPU.Build.0 = Debug|Any CPU
		{528AFA7A-AE8F-47C0-9C34-2D465EC5425D}.Release|Any CPU.ActiveCfg = Release|Any CPU
		{528AFA7A-AE8F-47C0-9C34-2D465EC5425D}.Release|Any CPU.Build.0 = Release|Any CPU
	EndGlobalSection
	GlobalSection(SolutionProperties) = preSolution
		HideSolutionNode = FALSE
	EndGlobalSection
	GlobalSection(ExtensibilityGlobals) = postSolution
		SolutionGuid = {D73B242E-6B1F-4C61-869A-D20488702977}
	EndGlobalSection
EndGlobal
